{
    "version": 3,
    "terraform_version": "0.11.8",
    "serial": 16,
    "lineage": "771b3c75-2758-dd5a-c34e-0761ab08c1d6",
    "modules": [
        {
            "path": [
                "root"
            ],
            "outputs": {},
            "resources": {
                "aws_instance.HostA": {
                    "type": "aws_instance",
                    "depends_on": [
                        "aws_security_group.bo-sg1",
                        "aws_subnet.S1"
                    ],
                    "primary": {
                        "id": "i-0fd4fe59eb3e7da1e",
                        "attributes": {
                            "ami": "ami-0d5d9d301c853a04a",
                            "arn": "arn:aws:ec2:us-east-2:350146526866:instance/i-0fd4fe59eb3e7da1e",
                            "associate_public_ip_address": "false",
                            "availability_zone": "us-east-2a",
                            "cpu_core_count": "1",
                            "cpu_threads_per_core": "1",
                            "credit_specification.#": "1",
                            "credit_specification.0.cpu_credits": "standard",
                            "disable_api_termination": "false",
                            "ebs_block_device.#": "0",
                            "ebs_optimized": "false",
                            "ephemeral_block_device.#": "0",
                            "get_password_data": "false",
                            "iam_instance_profile": "",
                            "id": "i-0fd4fe59eb3e7da1e",
                            "instance_state": "running",
                            "instance_type": "t2.micro",
                            "ipv6_address_count": "0",
                            "ipv6_addresses.#": "0",
                            "key_name": "",
                            "monitoring": "false",
                            "network_interface.#": "0",
                            "password_data": "",
                            "placement_group": "",
                            "primary_network_interface_id": "eni-0d55ac33ea4e924df",
                            "private_dns": "ip-192-168-1-14.us-east-2.compute.internal",
                            "private_ip": "192.168.1.14",
                            "public_dns": "",
                            "public_ip": "",
                            "root_block_device.#": "1",
                            "root_block_device.0.delete_on_termination": "true",
                            "root_block_device.0.encrypted": "false",
                            "root_block_device.0.iops": "100",
                            "root_block_device.0.kms_key_id": "",
                            "root_block_device.0.volume_id": "vol-00558339833243aa2",
                            "root_block_device.0.volume_size": "8",
                            "root_block_device.0.volume_type": "gp2",
                            "security_groups.#": "0",
                            "source_dest_check": "true",
                            "subnet_id": "subnet-067cb07d636a34b4e",
                            "tags.%": "1",
                            "tags.Name": "HostA",
                            "tenancy": "default",
                            "volume_tags.%": "0",
                            "vpc_security_group_ids.#": "1",
                            "vpc_security_group_ids.2947116241": "sg-08bc56be35c4f9a53"
                        },
                        "meta": {
                            "e2bfb730-ecaa-11e6-8f88-34363bc7c4c0": {
                                "create": 600000000000,
                                "delete": 1200000000000,
                                "update": 600000000000
                            },
                            "schema_version": "1"
                        },
                        "tainted": false
                    },
                    "deposed": [],
                    "provider": "provider.aws"
                },
                "aws_instance.HostB": {
                    "type": "aws_instance",
                    "depends_on": [
                        "aws_security_group.bo-sg2",
                        "aws_subnet.S2"
                    ],
                    "primary": {
                        "id": "i-0cbc474c54bd45e75",
                        "attributes": {
                            "ami": "ami-0d5d9d301c853a04a",
                            "arn": "arn:aws:ec2:us-east-2:350146526866:instance/i-0cbc474c54bd45e75",
                            "associate_public_ip_address": "false",
                            "availability_zone": "us-east-2b",
                            "cpu_core_count": "1",
                            "cpu_threads_per_core": "1",
                            "credit_specification.#": "1",
                            "credit_specification.0.cpu_credits": "standard",
                            "disable_api_termination": "false",
                            "ebs_block_device.#": "0",
                            "ebs_optimized": "false",
                            "ephemeral_block_device.#": "0",
                            "get_password_data": "false",
                            "iam_instance_profile": "",
                            "id": "i-0cbc474c54bd45e75",
                            "instance_state": "running",
                            "instance_type": "t2.micro",
                            "ipv6_address_count": "0",
                            "ipv6_addresses.#": "0",
                            "key_name": "",
                            "monitoring": "false",
                            "network_interface.#": "0",
                            "password_data": "",
                            "placement_group": "",
                            "primary_network_interface_id": "eni-043a99fc1a0388c5f",
                            "private_dns": "ip-192-168-1-245.us-east-2.compute.internal",
                            "private_ip": "192.168.1.245",
                            "public_dns": "",
                            "public_ip": "",
                            "root_block_device.#": "1",
                            "root_block_device.0.delete_on_termination": "true",
                            "root_block_device.0.encrypted": "false",
                            "root_block_device.0.iops": "100",
                            "root_block_device.0.kms_key_id": "",
                            "root_block_device.0.volume_id": "vol-0ecacf97498014112",
                            "root_block_device.0.volume_size": "8",
                            "root_block_device.0.volume_type": "gp2",
                            "security_groups.#": "0",
                            "source_dest_check": "true",
                            "subnet_id": "subnet-038916d0b989d335e",
                            "tags.%": "1",
                            "tags.Name": "HostB",
                            "tenancy": "default",
                            "volume_tags.%": "0",
                            "vpc_security_group_ids.#": "1",
                            "vpc_security_group_ids.2539427137": "sg-00e07d8cf17c034fd"
                        },
                        "meta": {
                            "e2bfb730-ecaa-11e6-8f88-34363bc7c4c0": {
                                "create": 600000000000,
                                "delete": 1200000000000,
                                "update": 600000000000
                            },
                            "schema_version": "1"
                        },
                        "tainted": false
                    },
                    "deposed": [],
                    "provider": "provider.aws"
                },
                "aws_network_acl.bo-nacl1": {
                    "type": "aws_network_acl",
                    "depends_on": [
                        "aws_vpc.bo-vpc"
                    ],
                    "primary": {
                        "id": "acl-019d3dfbb0d1207c4",
                        "attributes": {
                            "egress.#": "3",
                            "egress.3009627009.action": "allow",
                            "egress.3009627009.cidr_block": "0.0.0.0/0",
                            "egress.3009627009.from_port": "443",
                            "egress.3009627009.icmp_code": "0",
                            "egress.3009627009.icmp_type": "0",
                            "egress.3009627009.ipv6_cidr_block": "",
                            "egress.3009627009.protocol": "6",
                            "egress.3009627009.rule_no": "204",
                            "egress.3009627009.to_port": "443",
                            "egress.3032251305.action": "allow",
                            "egress.3032251305.cidr_block": "47.9.74.8/32",
                            "egress.3032251305.from_port": "22",
                            "egress.3032251305.icmp_code": "0",
                            "egress.3032251305.icmp_type": "0",
                            "egress.3032251305.ipv6_cidr_block": "",
                            "egress.3032251305.protocol": "6",
                            "egress.3032251305.rule_no": "205",
                            "egress.3032251305.to_port": "22",
                            "egress.407145508.action": "allow",
                            "egress.407145508.cidr_block": "0.0.0.0/0",
                            "egress.407145508.from_port": "80",
                            "egress.407145508.icmp_code": "0",
                            "egress.407145508.icmp_type": "0",
                            "egress.407145508.ipv6_cidr_block": "",
                            "egress.407145508.protocol": "6",
                            "egress.407145508.rule_no": "203",
                            "egress.407145508.to_port": "80",
                            "id": "acl-019d3dfbb0d1207c4",
                            "ingress.#": "2",
                            "ingress.3184466986.action": "allow",
                            "ingress.3184466986.cidr_block": "0.0.0.0/0",
                            "ingress.3184466986.from_port": "80",
                            "ingress.3184466986.icmp_code": "0",
                            "ingress.3184466986.icmp_type": "0",
                            "ingress.3184466986.ipv6_cidr_block": "",
                            "ingress.3184466986.protocol": "6",
                            "ingress.3184466986.rule_no": "202",
                            "ingress.3184466986.to_port": "80",
                            "ingress.929000714.action": "allow",
                            "ingress.929000714.cidr_block": "0.0.0.0/0",
                            "ingress.929000714.from_port": "22",
                            "ingress.929000714.icmp_code": "0",
                            "ingress.929000714.icmp_type": "0",
                            "ingress.929000714.ipv6_cidr_block": "",
                            "ingress.929000714.protocol": "6",
                            "ingress.929000714.rule_no": "201",
                            "ingress.929000714.to_port": "22",
                            "owner_id": "350146526866",
                            "subnet_ids.#": "0",
                            "tags.%": "1",
                            "tags.Name": "bo-nacl1",
                            "vpc_id": "vpc-03e433bf4cfdb769c"
                        },
                        "meta": {},
                        "tainted": false
                    },
                    "deposed": [],
                    "provider": "provider.aws"
                },
                "aws_network_acl.bo-nacl2": {
                    "type": "aws_network_acl",
                    "depends_on": [
                        "aws_vpc.bo-vpc"
                    ],
                    "primary": {
                        "id": "acl-0714868ca6432e7b2",
                        "attributes": {
                            "egress.#": "2",
                            "egress.3009627009.action": "allow",
                            "egress.3009627009.cidr_block": "0.0.0.0/0",
                            "egress.3009627009.from_port": "443",
                            "egress.3009627009.icmp_code": "0",
                            "egress.3009627009.icmp_type": "0",
                            "egress.3009627009.ipv6_cidr_block": "",
                            "egress.3009627009.protocol": "6",
                            "egress.3009627009.rule_no": "204",
                            "egress.3009627009.to_port": "443",
                            "egress.407145508.action": "allow",
                            "egress.407145508.cidr_block": "0.0.0.0/0",
                            "egress.407145508.from_port": "80",
                            "egress.407145508.icmp_code": "0",
                            "egress.407145508.icmp_type": "0",
                            "egress.407145508.ipv6_cidr_block": "",
                            "egress.407145508.protocol": "6",
                            "egress.407145508.rule_no": "203",
                            "egress.407145508.to_port": "80",
                            "id": "acl-0714868ca6432e7b2",
                            "ingress.#": "2",
                            "ingress.3134709432.action": "allow",
                            "ingress.3134709432.cidr_block": "192.168.1.0/25",
                            "ingress.3134709432.from_port": "3306",
                            "ingress.3134709432.icmp_code": "0",
                            "ingress.3134709432.icmp_type": "0",
                            "ingress.3134709432.ipv6_cidr_block": "",
                            "ingress.3134709432.protocol": "6",
                            "ingress.3134709432.rule_no": "202",
                            "ingress.3134709432.to_port": "3306",
                            "ingress.929000714.action": "allow",
                            "ingress.929000714.cidr_block": "0.0.0.0/0",
                            "ingress.929000714.from_port": "22",
                            "ingress.929000714.icmp_code": "0",
                            "ingress.929000714.icmp_type": "0",
                            "ingress.929000714.ipv6_cidr_block": "",
                            "ingress.929000714.protocol": "6",
                            "ingress.929000714.rule_no": "201",
                            "ingress.929000714.to_port": "22",
                            "owner_id": "350146526866",
                            "subnet_ids.#": "0",
                            "tags.%": "1",
                            "tags.Name": "bo-nacl2",
                            "vpc_id": "vpc-03e433bf4cfdb769c"
                        },
                        "meta": {},
                        "tainted": false
                    },
                    "deposed": [],
                    "provider": "provider.aws"
                },
                "aws_network_acl_rule.bo-nacl1-rule1": {
                    "type": "aws_network_acl_rule",
                    "depends_on": [
                        "aws_network_acl.bo-nacl1"
                    ],
                    "primary": {
                        "id": "nacl-1066110690",
                        "attributes": {
                            "cidr_block": "0.0.0.0/0",
                            "egress": "false",
                            "from_port": "22",
                            "id": "nacl-1066110690",
                            "ipv6_cidr_block": "",
                            "network_acl_id": "acl-019d3dfbb0d1207c4",
                            "protocol": "tcp",
                            "rule_action": "allow",
                            "rule_number": "201",
                            "to_port": "22"
                        },
                        "meta": {},
                        "tainted": false
                    },
                    "deposed": [],
                    "provider": "provider.aws"
                },
                "aws_network_acl_rule.bo-nacl1-rule2": {
                    "type": "aws_network_acl_rule",
                    "depends_on": [
                        "aws_network_acl.bo-nacl1"
                    ],
                    "primary": {
                        "id": "nacl-1209359378",
                        "attributes": {
                            "cidr_block": "0.0.0.0/0",
                            "egress": "false",
                            "from_port": "80",
                            "id": "nacl-1209359378",
                            "ipv6_cidr_block": "",
                            "network_acl_id": "acl-019d3dfbb0d1207c4",
                            "protocol": "tcp",
                            "rule_action": "allow",
                            "rule_number": "202",
                            "to_port": "80"
                        },
                        "meta": {},
                        "tainted": false
                    },
                    "deposed": [],
                    "provider": "provider.aws"
                },
                "aws_network_acl_rule.bo-nacl1-rule3": {
                    "type": "aws_network_acl_rule",
                    "depends_on": [
                        "aws_network_acl.bo-nacl1"
                    ],
                    "primary": {
                        "id": "nacl-2376013894",
                        "attributes": {
                            "cidr_block": "0.0.0.0/0",
                            "egress": "true",
                            "from_port": "80",
                            "id": "nacl-2376013894",
                            "ipv6_cidr_block": "",
                            "network_acl_id": "acl-019d3dfbb0d1207c4",
                            "protocol": "tcp",
                            "rule_action": "allow",
                            "rule_number": "203",
                            "to_port": "80"
                        },
                        "meta": {},
                        "tainted": false
                    },
                    "deposed": [],
                    "provider": "provider.aws"
                },
                "aws_network_acl_rule.bo-nacl1-rule4": {
                    "type": "aws_network_acl_rule",
                    "depends_on": [
                        "aws_network_acl.bo-nacl1"
                    ],
                    "primary": {
                        "id": "nacl-2762214853",
                        "attributes": {
                            "cidr_block": "0.0.0.0/0",
                            "egress": "true",
                            "from_port": "443",
                            "id": "nacl-2762214853",
                            "ipv6_cidr_block": "",
                            "network_acl_id": "acl-019d3dfbb0d1207c4",
                            "protocol": "tcp",
                            "rule_action": "allow",
                            "rule_number": "204",
                            "to_port": "443"
                        },
                        "meta": {},
                        "tainted": false
                    },
                    "deposed": [],
                    "provider": "provider.aws"
                },
                "aws_network_acl_rule.bo-nacl1-rule5": {
                    "type": "aws_network_acl_rule",
                    "depends_on": [
                        "aws_network_acl.bo-nacl1"
                    ],
                    "primary": {
                        "id": "nacl-1697305093",
                        "attributes": {
                            "cidr_block": "47.9.74.8/32",
                            "egress": "true",
                            "from_port": "22",
                            "id": "nacl-1697305093",
                            "ipv6_cidr_block": "",
                            "network_acl_id": "acl-019d3dfbb0d1207c4",
                            "protocol": "tcp",
                            "rule_action": "allow",
                            "rule_number": "205",
                            "to_port": "22"
                        },
                        "meta": {},
                        "tainted": false
                    },
                    "deposed": [],
                    "provider": "provider.aws"
                },
                "aws_network_acl_rule.bo-nacl2-rule1": {
                    "type": "aws_network_acl_rule",
                    "depends_on": [
                        "aws_network_acl.bo-nacl2"
                    ],
                    "primary": {
                        "id": "nacl-3636502292",
                        "attributes": {
                            "cidr_block": "0.0.0.0/0",
                            "egress": "false",
                            "from_port": "22",
                            "id": "nacl-3636502292",
                            "ipv6_cidr_block": "",
                            "network_acl_id": "acl-0714868ca6432e7b2",
                            "protocol": "tcp",
                            "rule_action": "allow",
                            "rule_number": "201",
                            "to_port": "22"
                        },
                        "meta": {},
                        "tainted": false
                    },
                    "deposed": [],
                    "provider": "provider.aws"
                },
                "aws_network_acl_rule.bo-nacl2-rule2": {
                    "type": "aws_network_acl_rule",
                    "depends_on": [
                        "aws_network_acl.bo-nacl2",
                        "aws_subnet.S1"
                    ],
                    "primary": {
                        "id": "nacl-2942193124",
                        "attributes": {
                            "cidr_block": "192.168.1.0/25",
                            "egress": "false",
                            "from_port": "3306",
                            "id": "nacl-2942193124",
                            "ipv6_cidr_block": "",
                            "network_acl_id": "acl-0714868ca6432e7b2",
                            "protocol": "tcp",
                            "rule_action": "allow",
                            "rule_number": "202",
                            "to_port": "3306"
                        },
                        "meta": {},
                        "tainted": false
                    },
                    "deposed": [],
                    "provider": "provider.aws"
                },
                "aws_network_acl_rule.bo-nacl2-rule3": {
                    "type": "aws_network_acl_rule",
                    "depends_on": [
                        "aws_network_acl.bo-nacl2"
                    ],
                    "primary": {
                        "id": "nacl-2124671304",
                        "attributes": {
                            "cidr_block": "0.0.0.0/0",
                            "egress": "true",
                            "from_port": "80",
                            "id": "nacl-2124671304",
                            "ipv6_cidr_block": "",
                            "network_acl_id": "acl-0714868ca6432e7b2",
                            "protocol": "tcp",
                            "rule_action": "allow",
                            "rule_number": "203",
                            "to_port": "80"
                        },
                        "meta": {},
                        "tainted": false
                    },
                    "deposed": [],
                    "provider": "provider.aws"
                },
                "aws_network_acl_rule.bo-nacl2-rule4": {
                    "type": "aws_network_acl_rule",
                    "depends_on": [
                        "aws_network_acl.bo-nacl2"
                    ],
                    "primary": {
                        "id": "nacl-1469643979",
                        "attributes": {
                            "cidr_block": "0.0.0.0/0",
                            "egress": "true",
                            "from_port": "443",
                            "id": "nacl-1469643979",
                            "ipv6_cidr_block": "",
                            "network_acl_id": "acl-0714868ca6432e7b2",
                            "protocol": "tcp",
                            "rule_action": "allow",
                            "rule_number": "204",
                            "to_port": "443"
                        },
                        "meta": {},
                        "tainted": false
                    },
                    "deposed": [],
                    "provider": "provider.aws"
                },
                "aws_security_group.bo-sg1": {
                    "type": "aws_security_group",
                    "depends_on": [
                        "aws_vpc.bo-vpc"
                    ],
                    "primary": {
                        "id": "sg-08bc56be35c4f9a53",
                        "attributes": {
                            "arn": "arn:aws:ec2:us-east-2:350146526866:security-group/sg-08bc56be35c4f9a53",
                            "description": "Managed by Terraform",
                            "egress.#": "3",
                            "egress.2214680975.cidr_blocks.#": "1",
                            "egress.2214680975.cidr_blocks.0": "0.0.0.0/0",
                            "egress.2214680975.description": "",
                            "egress.2214680975.from_port": "80",
                            "egress.2214680975.ipv6_cidr_blocks.#": "0",
                            "egress.2214680975.prefix_list_ids.#": "0",
                            "egress.2214680975.protocol": "tcp",
                            "egress.2214680975.security_groups.#": "0",
                            "egress.2214680975.self": "false",
                            "egress.2214680975.to_port": "80",
                            "egress.2617001939.cidr_blocks.#": "1",
                            "egress.2617001939.cidr_blocks.0": "0.0.0.0/0",
                            "egress.2617001939.description": "",
                            "egress.2617001939.from_port": "443",
                            "egress.2617001939.ipv6_cidr_blocks.#": "0",
                            "egress.2617001939.prefix_list_ids.#": "0",
                            "egress.2617001939.protocol": "tcp",
                            "egress.2617001939.security_groups.#": "0",
                            "egress.2617001939.self": "false",
                            "egress.2617001939.to_port": "443",
                            "egress.4128227979.cidr_blocks.#": "1",
                            "egress.4128227979.cidr_blocks.0": "47.9.74.8/32",
                            "egress.4128227979.description": "",
                            "egress.4128227979.from_port": "22",
                            "egress.4128227979.ipv6_cidr_blocks.#": "0",
                            "egress.4128227979.prefix_list_ids.#": "0",
                            "egress.4128227979.protocol": "tcp",
                            "egress.4128227979.security_groups.#": "0",
                            "egress.4128227979.self": "false",
                            "egress.4128227979.to_port": "22",
                            "id": "sg-08bc56be35c4f9a53",
                            "ingress.#": "2",
                            "ingress.2214680975.cidr_blocks.#": "1",
                            "ingress.2214680975.cidr_blocks.0": "0.0.0.0/0",
                            "ingress.2214680975.description": "",
                            "ingress.2214680975.from_port": "80",
                            "ingress.2214680975.ipv6_cidr_blocks.#": "0",
                            "ingress.2214680975.prefix_list_ids.#": "0",
                            "ingress.2214680975.protocol": "tcp",
                            "ingress.2214680975.security_groups.#": "0",
                            "ingress.2214680975.self": "false",
                            "ingress.2214680975.to_port": "80",
                            "ingress.2541437006.cidr_blocks.#": "1",
                            "ingress.2541437006.cidr_blocks.0": "0.0.0.0/0",
                            "ingress.2541437006.description": "",
                            "ingress.2541437006.from_port": "22",
                            "ingress.2541437006.ipv6_cidr_blocks.#": "0",
                            "ingress.2541437006.prefix_list_ids.#": "0",
                            "ingress.2541437006.protocol": "tcp",
                            "ingress.2541437006.security_groups.#": "0",
                            "ingress.2541437006.self": "false",
                            "ingress.2541437006.to_port": "22",
                            "name": "terraform-20191110141809889400000001",
                            "owner_id": "350146526866",
                            "revoke_rules_on_delete": "false",
                            "tags.%": "1",
                            "tags.Name": "bo-sg1",
                            "vpc_id": "vpc-03e433bf4cfdb769c"
                        },
                        "meta": {
                            "e2bfb730-ecaa-11e6-8f88-34363bc7c4c0": {
                                "create": 600000000000,
                                "delete": 600000000000
                            },
                            "schema_version": "1"
                        },
                        "tainted": false
                    },
                    "deposed": [],
                    "provider": "provider.aws"
                },
                "aws_security_group.bo-sg2": {
                    "type": "aws_security_group",
                    "depends_on": [
                        "aws_subnet.S1",
                        "aws_vpc.bo-vpc"
                    ],
                    "primary": {
                        "id": "sg-00e07d8cf17c034fd",
                        "attributes": {
                            "arn": "arn:aws:ec2:us-east-2:350146526866:security-group/sg-00e07d8cf17c034fd",
                            "description": "Managed by Terraform",
                            "egress.#": "2",
                            "egress.2214680975.cidr_blocks.#": "1",
                            "egress.2214680975.cidr_blocks.0": "0.0.0.0/0",
                            "egress.2214680975.description": "",
                            "egress.2214680975.from_port": "80",
                            "egress.2214680975.ipv6_cidr_blocks.#": "0",
                            "egress.2214680975.prefix_list_ids.#": "0",
                            "egress.2214680975.protocol": "tcp",
                            "egress.2214680975.security_groups.#": "0",
                            "egress.2214680975.self": "false",
                            "egress.2214680975.to_port": "80",
                            "egress.2617001939.cidr_blocks.#": "1",
                            "egress.2617001939.cidr_blocks.0": "0.0.0.0/0",
                            "egress.2617001939.description": "",
                            "egress.2617001939.from_port": "443",
                            "egress.2617001939.ipv6_cidr_blocks.#": "0",
                            "egress.2617001939.prefix_list_ids.#": "0",
                            "egress.2617001939.protocol": "tcp",
                            "egress.2617001939.security_groups.#": "0",
                            "egress.2617001939.self": "false",
                            "egress.2617001939.to_port": "443",
                            "id": "sg-00e07d8cf17c034fd",
                            "ingress.#": "2",
                            "ingress.2360314481.cidr_blocks.#": "1",
                            "ingress.2360314481.cidr_blocks.0": "192.168.1.0/25",
                            "ingress.2360314481.description": "",
                            "ingress.2360314481.from_port": "3306",
                            "ingress.2360314481.ipv6_cidr_blocks.#": "0",
                            "ingress.2360314481.prefix_list_ids.#": "0",
                            "ingress.2360314481.protocol": "tcp",
                            "ingress.2360314481.security_groups.#": "0",
                            "ingress.2360314481.self": "false",
                            "ingress.2360314481.to_port": "3306",
                            "ingress.2541437006.cidr_blocks.#": "1",
                            "ingress.2541437006.cidr_blocks.0": "0.0.0.0/0",
                            "ingress.2541437006.description": "",
                            "ingress.2541437006.from_port": "22",
                            "ingress.2541437006.ipv6_cidr_blocks.#": "0",
                            "ingress.2541437006.prefix_list_ids.#": "0",
                            "ingress.2541437006.protocol": "tcp",
                            "ingress.2541437006.security_groups.#": "0",
                            "ingress.2541437006.self": "false",
                            "ingress.2541437006.to_port": "22",
                            "name": "terraform-20191110141813371700000002",
                            "owner_id": "350146526866",
                            "revoke_rules_on_delete": "false",
                            "tags.%": "1",
                            "tags.Name": "bo-sg2",
                            "vpc_id": "vpc-03e433bf4cfdb769c"
                        },
                        "meta": {
                            "e2bfb730-ecaa-11e6-8f88-34363bc7c4c0": {
                                "create": 600000000000,
                                "delete": 600000000000
                            },
                            "schema_version": "1"
                        },
                        "tainted": false
                    },
                    "deposed": [],
                    "provider": "provider.aws"
                },
                "aws_subnet.S1": {
                    "type": "aws_subnet",
                    "depends_on": [
                        "aws_vpc.bo-vpc"
                    ],
                    "primary": {
                        "id": "subnet-067cb07d636a34b4e",
                        "attributes": {
                            "arn": "arn:aws:ec2:us-east-2:350146526866:subnet/subnet-067cb07d636a34b4e",
                            "assign_ipv6_address_on_creation": "false",
                            "availability_zone": "us-east-2a",
                            "availability_zone_id": "use2-az1",
                            "cidr_block": "192.168.1.0/25",
                            "id": "subnet-067cb07d636a34b4e",
                            "ipv6_cidr_block": "",
                            "ipv6_cidr_block_association_id": "",
                            "map_public_ip_on_launch": "false",
                            "owner_id": "350146526866",
                            "tags.%": "1",
                            "tags.Name": "S1",
                            "vpc_id": "vpc-03e433bf4cfdb769c"
                        },
                        "meta": {
                            "e2bfb730-ecaa-11e6-8f88-34363bc7c4c0": {
                                "create": 600000000000,
                                "delete": 1200000000000
                            },
                            "schema_version": "1"
                        },
                        "tainted": false
                    },
                    "deposed": [],
                    "provider": "provider.aws"
                },
                "aws_subnet.S2": {
                    "type": "aws_subnet",
                    "depends_on": [
                        "aws_vpc.bo-vpc"
                    ],
                    "primary": {
                        "id": "subnet-038916d0b989d335e",
                        "attributes": {
                            "arn": "arn:aws:ec2:us-east-2:350146526866:subnet/subnet-038916d0b989d335e",
                            "assign_ipv6_address_on_creation": "false",
                            "availability_zone": "us-east-2b",
                            "availability_zone_id": "use2-az2",
                            "cidr_block": "192.168.1.128/25",
                            "id": "subnet-038916d0b989d335e",
                            "ipv6_cidr_block": "",
                            "ipv6_cidr_block_association_id": "",
                            "map_public_ip_on_launch": "false",
                            "owner_id": "350146526866",
                            "tags.%": "1",
                            "tags.Name": "S2",
                            "vpc_id": "vpc-03e433bf4cfdb769c"
                        },
                        "meta": {
                            "e2bfb730-ecaa-11e6-8f88-34363bc7c4c0": {
                                "create": 600000000000,
                                "delete": 1200000000000
                            },
                            "schema_version": "1"
                        },
                        "tainted": false
                    },
                    "deposed": [],
                    "provider": "provider.aws"
                },
                "aws_vpc.bo-vpc": {
                    "type": "aws_vpc",
                    "depends_on": [],
                    "primary": {
                        "id": "vpc-03e433bf4cfdb769c",
                        "attributes": {
                            "arn": "arn:aws:ec2:us-east-2:350146526866:vpc/vpc-03e433bf4cfdb769c",
                            "assign_generated_ipv6_cidr_block": "false",
                            "cidr_block": "192.168.1.0/24",
                            "default_network_acl_id": "acl-04d5871e54b661f3b",
                            "default_route_table_id": "rtb-04d32672e4faa9ebc",
                            "default_security_group_id": "sg-058d87db083284f5d",
                            "dhcp_options_id": "dopt-0c8a4f67",
                            "enable_classiclink": "false",
                            "enable_dns_hostnames": "true",
                            "enable_dns_support": "true",
                            "id": "vpc-03e433bf4cfdb769c",
                            "instance_tenancy": "default",
                            "ipv6_association_id": "",
                            "ipv6_cidr_block": "",
                            "main_route_table_id": "rtb-04d32672e4faa9ebc",
                            "owner_id": "350146526866",
                            "tags.%": "1",
                            "tags.Name": "bo-vpc"
                        },
                        "meta": {
                            "schema_version": "1"
                        },
                        "tainted": false
                    },
                    "deposed": [],
                    "provider": "provider.aws"
                }
            },
            "depends_on": []
        }
    ]
}
